
Microsoft Visual Studio Solution File, Format Version 12.00
# Visual Studio 15
VisualStudioVersion = 15.0.27130.2027
MinimumVisualStudioVersion = 10.0.40219.1
Project("{2150E333-8FDC-42A3-9474-1A3956D46DE8}") = "Configuration", "Configuration", "{F89FF17F-5268-4F3E-97DA-E224974F4226}"
	ProjectSection(SolutionItems) = preProject
		nuget.config = nuget.config
		README.md = README.md
	EndProjectSection
EndProject
Project("{2150E333-8FDC-42A3-9474-1A3956D46DE8}") = "Feature", "Feature", "{872AD8A1-5DB8-4900-9733-5E0D1AD9C83B}"
EndProject
Project("{2150E333-8FDC-42A3-9474-1A3956D46DE8}") = "Project", "Project", "{452B6465-0AD7-45C5-8144-6643F21B85E6}"
EndProject
Project("{2150E333-8FDC-42A3-9474-1A3956D46DE8}") = "Foundation", "Foundation", "{2313DFE5-5149-4843-B89F-979B14725E66}"
EndProject
Project("{2150E333-8FDC-42A3-9474-1A3956D46DE8}") = "Carts", "Carts", "{98E49370-6C53-4A4F-9B66-AF3992A64DEE}"
EndProject
Project("{9A19103F-16F7-4668-BE54-9A1E7A4F7556}") = "Feature.Carts.Engine", "src\Feature\Carts\Engine\Feature.Carts.Engine.csproj", "{05679983-3FA0-4BBF-9A68-6922DD5C744D}"
EndProject
Project("{9A19103F-16F7-4668-BE54-9A1E7A4F7556}") = "Feature.Carts.Engine.Tests", "src\Feature\Carts\Tests\Feature.Carts.Engine.Tests\Feature.Carts.Engine.Tests.csproj", "{11FC05C9-216F-4E45-9ACC-CAA037533619}"
EndProject
Project("{2150E333-8FDC-42A3-9474-1A3956D46DE8}") = "Promotions", "Promotions", "{1E51B8F3-9A83-4AEB-9E54-C15ABE9F50FE}"
EndProject
Project("{9A19103F-16F7-4668-BE54-9A1E7A4F7556}") = "Feature.Promotions.Engine", "src\Feature\Promotions\Engine\Feature.Promotions.Engine.csproj", "{6D52D76C-B380-4323-9A25-797F2F08306A}"
EndProject
Project("{9A19103F-16F7-4668-BE54-9A1E7A4F7556}") = "Feature.Promotions.Engine.Tests", "src\Feature\Promotions\Tests\Feature.Promotions.Engine.Tests\Feature.Promotions.Engine.Tests.csproj", "{1A11B0E3-121E-492F-9C92-9BF338EA9472}"
EndProject
Project("{2150E333-8FDC-42A3-9474-1A3956D46DE8}") = "Carts", "Carts", "{2BF6044B-5112-459F-8814-72D50437AE27}"
EndProject
Project("{9A19103F-16F7-4668-BE54-9A1E7A4F7556}") = "Foundation.Carts.Engine", "src\Foundation\Carts\Engine\Foundation.Carts.Engine.csproj", "{79FF10B1-765B-4889-86FF-E3504AB815A2}"
EndProject
Project("{9A19103F-16F7-4668-BE54-9A1E7A4F7556}") = "Foundation.Carts.Engine.Tests", "src\Foundation\Carts\Tests\Foundation.Carts.Engine.Tests\Foundation.Carts.Engine.Tests.csproj", "{F87B315D-09F6-4E68-94BB-3E62ECB49F0C}"
EndProject
Project("{2150E333-8FDC-42A3-9474-1A3956D46DE8}") = "Fulfillment", "Fulfillment", "{4A1F428A-8ABC-4DAE-9CC5-686C199B20F7}"
EndProject
Project("{9A19103F-16F7-4668-BE54-9A1E7A4F7556}") = "Feature.Fulfillment.Engine", "src\Feature\Fulfillment\Engine\Feature.Fulfillment.Engine.csproj", "{F98B2F32-BFEA-4B37-9ED1-89F81287F554}"
EndProject
Project("{9A19103F-16F7-4668-BE54-9A1E7A4F7556}") = "Feature.Fulfillment.Engine.Tests", "src\Feature\Fulfillment\Tests\Feature.Fulfillment.Engine.Tests\Feature.Fulfillment.Engine.Tests.csproj", "{3DA0347D-6BA2-423D-A02A-2E716F8FC781}"
EndProject
Project("{2150E333-8FDC-42A3-9474-1A3956D46DE8}") = "Rules", "Rules", "{2ECC6715-F1D4-43B4-BCA6-BBB897F65D3F}"
EndProject
Project("{9A19103F-16F7-4668-BE54-9A1E7A4F7556}") = "Foundation.Rules.Engine", "src\Foundation\Rules\Engine\Foundation.Rules.Engine.csproj", "{3E697131-4CA2-4039-92A9-80D6782CFA45}"
EndProject
Project("{2150E333-8FDC-42A3-9474-1A3956D46DE8}") = "Catalog", "Catalog", "{62239FF9-1BF1-499A-9E70-239A77F530C3}"
EndProject
Project("{9A19103F-16F7-4668-BE54-9A1E7A4F7556}") = "Feature.Catalog.Engine", "src\Feature\Catalog\Engine\Feature.Catalog.Engine.csproj", "{0A30588D-B385-4081-A51D-04E66DFCD4DE}"
EndProject
Project("{FAE04EC0-301F-11D3-BF4B-00C04F79EFBC}") = "Feature.Carts.Website", "src\Feature\Carts\website\Feature.Carts.Website.csproj", "{D417E335-043E-4232-83E1-03C8C3E1253D}"
EndProject
Project("{2150E333-8FDC-42A3-9474-1A3956D46DE8}") = "Customers", "Customers", "{9CC7F2F8-677A-4820-A456-F6681043B9B0}"
EndProject
Project("{9A19103F-16F7-4668-BE54-9A1E7A4F7556}") = "Feature.Customers.Engine", "src\Feature\Customers\engine\Feature.Customers.Engine.csproj", "{AF57FE49-5A1B-4B13-A793-95B9C85CE7D2}"
EndProject
Project("{2150E333-8FDC-42A3-9474-1A3956D46DE8}") = "Data", "Data", "{F3581A59-7A76-45B5-BA83-BB749BFA1605}"
EndProject
Project("{9A19103F-16F7-4668-BE54-9A1E7A4F7556}") = "Project.SamplePromotions.Engine", "src\Project\Data\Engine\Project.SamplePromotions.Engine.csproj", "{B6768100-7D66-4060-AF34-2015DAA68203}"
EndProject
Project("{2150E333-8FDC-42A3-9474-1A3956D46DE8}") = "Coupons", "Coupons", "{B4C12361-AAFC-4BA5-8AF3-7BDE76B7D39A}"
EndProject
Project("{9A19103F-16F7-4668-BE54-9A1E7A4F7556}") = "Feature.Coupons.Engine", "src\Feature\Coupons\Engine\Feature.Coupons.Engine.csproj", "{DD1A9B30-0E55-4E0D-8EC0-5BC9A9A5803C}"
EndProject
Project("{9A19103F-16F7-4668-BE54-9A1E7A4F7556}") = "Feature.Coupons.Engine.Tests", "src\Feature\Coupons\Tests\Feature.Coupons.Engine.Tests\Feature.Coupons.Engine.Tests.csproj", "{62283016-88CC-4C1E-9F9E-296D8A1C4D91}"
EndProject
Global
	GlobalSection(SolutionConfigurationPlatforms) = preSolution
		Debug 9.1|Any CPU = Debug 9.1|Any CPU
		Debug|Any CPU = Debug|Any CPU
		Release|Any CPU = Release|Any CPU
	EndGlobalSection
	GlobalSection(ProjectConfigurationPlatforms) = postSolution
		{05679983-3FA0-4BBF-9A68-6922DD5C744D}.Debug 9.1|Any CPU.ActiveCfg = Debug 9.1|Any CPU
		{05679983-3FA0-4BBF-9A68-6922DD5C744D}.Debug 9.1|Any CPU.Build.0 = Debug 9.1|Any CPU
		{05679983-3FA0-4BBF-9A68-6922DD5C744D}.Debug|Any CPU.ActiveCfg = Debug|Any CPU
		{05679983-3FA0-4BBF-9A68-6922DD5C744D}.Debug|Any CPU.Build.0 = Debug|Any CPU
		{05679983-3FA0-4BBF-9A68-6922DD5C744D}.Release|Any CPU.ActiveCfg = Release|Any CPU
		{05679983-3FA0-4BBF-9A68-6922DD5C744D}.Release|Any CPU.Build.0 = Release|Any CPU
		{11FC05C9-216F-4E45-9ACC-CAA037533619}.Debug 9.1|Any CPU.ActiveCfg = Debug 9.1|Any CPU
		{11FC05C9-216F-4E45-9ACC-CAA037533619}.Debug 9.1|Any CPU.Build.0 = Debug 9.1|Any CPU
		{11FC05C9-216F-4E45-9ACC-CAA037533619}.Debug|Any CPU.ActiveCfg = Debug|Any CPU
		{11FC05C9-216F-4E45-9ACC-CAA037533619}.Debug|Any CPU.Build.0 = Debug|Any CPU
		{11FC05C9-216F-4E45-9ACC-CAA037533619}.Release|Any CPU.ActiveCfg = Release|Any CPU
		{11FC05C9-216F-4E45-9ACC-CAA037533619}.Release|Any CPU.Build.0 = Release|Any CPU
		{6D52D76C-B380-4323-9A25-797F2F08306A}.Debug 9.1|Any CPU.ActiveCfg = Debug 9.1|Any CPU
		{6D52D76C-B380-4323-9A25-797F2F08306A}.Debug 9.1|Any CPU.Build.0 = Debug 9.1|Any CPU
		{6D52D76C-B380-4323-9A25-797F2F08306A}.Debug|Any CPU.ActiveCfg = Debug|Any CPU
		{6D52D76C-B380-4323-9A25-797F2F08306A}.Debug|Any CPU.Build.0 = Debug|Any CPU
		{6D52D76C-B380-4323-9A25-797F2F08306A}.Release|Any CPU.ActiveCfg = Release|Any CPU
		{6D52D76C-B380-4323-9A25-797F2F08306A}.Release|Any CPU.Build.0 = Release|Any CPU
		{1A11B0E3-121E-492F-9C92-9BF338EA9472}.Debug 9.1|Any CPU.ActiveCfg = Debug 9.1|Any CPU
		{1A11B0E3-121E-492F-9C92-9BF338EA9472}.Debug 9.1|Any CPU.Build.0 = Debug 9.1|Any CPU
		{1A11B0E3-121E-492F-9C92-9BF338EA9472}.Debug|Any CPU.ActiveCfg = Debug|Any CPU
		{1A11B0E3-121E-492F-9C92-9BF338EA9472}.Debug|Any CPU.Build.0 = Debug|Any CPU
		{1A11B0E3-121E-492F-9C92-9BF338EA9472}.Release|Any CPU.ActiveCfg = Release|Any CPU
		{1A11B0E3-121E-492F-9C92-9BF338EA9472}.Release|Any CPU.Build.0 = Release|Any CPU
		{79FF10B1-765B-4889-86FF-E3504AB815A2}.Debug 9.1|Any CPU.ActiveCfg = Debug 9.1|Any CPU
		{79FF10B1-765B-4889-86FF-E3504AB815A2}.Debug 9.1|Any CPU.Build.0 = Debug 9.1|Any CPU
		{79FF10B1-765B-4889-86FF-E3504AB815A2}.Debug|Any CPU.ActiveCfg = Debug|Any CPU
		{79FF10B1-765B-4889-86FF-E3504AB815A2}.Debug|Any CPU.Build.0 = Debug|Any CPU
		{79FF10B1-765B-4889-86FF-E3504AB815A2}.Release|Any CPU.ActiveCfg = Release|Any CPU
		{79FF10B1-765B-4889-86FF-E3504AB815A2}.Release|Any CPU.Build.0 = Release|Any CPU
		{F87B315D-09F6-4E68-94BB-3E62ECB49F0C}.Debug 9.1|Any CPU.ActiveCfg = Debug 9.1|Any CPU
		{F87B315D-09F6-4E68-94BB-3E62ECB49F0C}.Debug 9.1|Any CPU.Build.0 = Debug 9.1|Any CPU
		{F87B315D-09F6-4E68-94BB-3E62ECB49F0C}.Debug|Any CPU.ActiveCfg = Debug|Any CPU
		{F87B315D-09F6-4E68-94BB-3E62ECB49F0C}.Debug|Any CPU.Build.0 = Debug|Any CPU
		{F87B315D-09F6-4E68-94BB-3E62ECB49F0C}.Release|Any CPU.ActiveCfg = Release|Any CPU
		{F87B315D-09F6-4E68-94BB-3E62ECB49F0C}.Release|Any CPU.Build.0 = Release|Any CPU
		{F98B2F32-BFEA-4B37-9ED1-89F81287F554}.Debug 9.1|Any CPU.ActiveCfg = Debug 9.1|Any CPU
		{F98B2F32-BFEA-4B37-9ED1-89F81287F554}.Debug 9.1|Any CPU.Build.0 = Debug 9.1|Any CPU
		{F98B2F32-BFEA-4B37-9ED1-89F81287F554}.Debug|Any CPU.ActiveCfg = Debug|Any CPU
		{F98B2F32-BFEA-4B37-9ED1-89F81287F554}.Debug|Any CPU.Build.0 = Debug|Any CPU
		{F98B2F32-BFEA-4B37-9ED1-89F81287F554}.Release|Any CPU.ActiveCfg = Release|Any CPU
		{F98B2F32-BFEA-4B37-9ED1-89F81287F554}.Release|Any CPU.Build.0 = Release|Any CPU
		{3DA0347D-6BA2-423D-A02A-2E716F8FC781}.Debug 9.1|Any CPU.ActiveCfg = Debug|Any CPU
		{3DA0347D-6BA2-423D-A02A-2E716F8FC781}.Debug 9.1|Any CPU.Build.0 = Debug|Any CPU
		{3DA0347D-6BA2-423D-A02A-2E716F8FC781}.Debug|Any CPU.ActiveCfg = Debug|Any CPU
		{3DA0347D-6BA2-423D-A02A-2E716F8FC781}.Debug|Any CPU.Build.0 = Debug|Any CPU
		{3DA0347D-6BA2-423D-A02A-2E716F8FC781}.Release|Any CPU.ActiveCfg = Release|Any CPU
		{3DA0347D-6BA2-423D-A02A-2E716F8FC781}.Release|Any CPU.Build.0 = Release|Any CPU
		{3E697131-4CA2-4039-92A9-80D6782CFA45}.Debug 9.1|Any CPU.ActiveCfg = Debug 9.1|Any CPU
		{3E697131-4CA2-4039-92A9-80D6782CFA45}.Debug 9.1|Any CPU.Build.0 = Debug 9.1|Any CPU
		{3E697131-4CA2-4039-92A9-80D6782CFA45}.Debug|Any CPU.ActiveCfg = Debug|Any CPU
		{3E697131-4CA2-4039-92A9-80D6782CFA45}.Debug|Any CPU.Build.0 = Debug|Any CPU
		{3E697131-4CA2-4039-92A9-80D6782CFA45}.Release|Any CPU.ActiveCfg = Release|Any CPU
		{3E697131-4CA2-4039-92A9-80D6782CFA45}.Release|Any CPU.Build.0 = Release|Any CPU
		{0A30588D-B385-4081-A51D-04E66DFCD4DE}.Debug 9.1|Any CPU.ActiveCfg = Debug 9.1|Any CPU
		{0A30588D-B385-4081-A51D-04E66DFCD4DE}.Debug|Any CPU.ActiveCfg = Debug|Any CPU
		{0A30588D-B385-4081-A51D-04E66DFCD4DE}.Debug|Any CPU.Build.0 = Debug|Any CPU
		{0A30588D-B385-4081-A51D-04E66DFCD4DE}.Release|Any CPU.ActiveCfg = Release|Any CPU
		{0A30588D-B385-4081-A51D-04E66DFCD4DE}.Release|Any CPU.Build.0 = Release|Any CPU
		{D417E335-043E-4232-83E1-03C8C3E1253D}.Debug 9.1|Any CPU.ActiveCfg = Debug 9.1|Any CPU
		{D417E335-043E-4232-83E1-03C8C3E1253D}.Debug 9.1|Any CPU.Build.0 = Debug 9.1|Any CPU
		{D417E335-043E-4232-83E1-03C8C3E1253D}.Debug|Any CPU.ActiveCfg = Debug|Any CPU
		{D417E335-043E-4232-83E1-03C8C3E1253D}.Debug|Any CPU.Build.0 = Debug|Any CPU
		{D417E335-043E-4232-83E1-03C8C3E1253D}.Release|Any CPU.ActiveCfg = Release|Any CPU
		{D417E335-043E-4232-83E1-03C8C3E1253D}.Release|Any CPU.Build.0 = Release|Any CPU
		{AF57FE49-5A1B-4B13-A793-95B9C85CE7D2}.Debug 9.1|Any CPU.ActiveCfg = Debug 9.1|Any CPU
		{AF57FE49-5A1B-4B13-A793-95B9C85CE7D2}.Debug 9.1|Any CPU.Build.0 = Debug 9.1|Any CPU
		{AF57FE49-5A1B-4B13-A793-95B9C85CE7D2}.Debug|Any CPU.ActiveCfg = Debug|Any CPU
		{AF57FE49-5A1B-4B13-A793-95B9C85CE7D2}.Debug|Any CPU.Build.0 = Debug|Any CPU
		{AF57FE49-5A1B-4B13-A793-95B9C85CE7D2}.Release|Any CPU.ActiveCfg = Release|Any CPU
		{AF57FE49-5A1B-4B13-A793-95B9C85CE7D2}.Release|Any CPU.Build.0 = Release|Any CPU
		{B6768100-7D66-4060-AF34-2015DAA68203}.Debug 9.1|Any CPU.ActiveCfg = Debug 9.1|Any CPU
		{B6768100-7D66-4060-AF34-2015DAA68203}.Debug 9.1|Any CPU.Build.0 = Debug 9.1|Any CPU
		{B6768100-7D66-4060-AF34-2015DAA68203}.Debug|Any CPU.ActiveCfg = Debug|Any CPU
		{B6768100-7D66-4060-AF34-2015DAA68203}.Debug|Any CPU.Build.0 = Debug|Any CPU
		{B6768100-7D66-4060-AF34-2015DAA68203}.Release|Any CPU.ActiveCfg = Release|Any CPU
		{B6768100-7D66-4060-AF34-2015DAA68203}.Release|Any CPU.Build.0 = Release|Any CPU
		{DD1A9B30-0E55-4E0D-8EC0-5BC9A9A5803C}.Debug|Any CPU.ActiveCfg = Debug|Any CPU
		{DD1A9B30-0E55-4E0D-8EC0-5BC9A9A5803C}.Debug|Any CPU.Build.0 = Debug|Any CPU
		{DD1A9B30-0E55-4E0D-8EC0-5BC9A9A5803C}.Release|Any CPU.ActiveCfg = Release|Any CPU
		{DD1A9B30-0E55-4E0D-8EC0-5BC9A9A5803C}.Release|Any CPU.Build.0 = Release|Any CPU
		{62283016-88CC-4C1E-9F9E-296D8A1C4D91}.Debug|Any CPU.ActiveCfg = Debug|Any CPU
		{62283016-88CC-4C1E-9F9E-296D8A1C4D91}.Debug|Any CPU.Build.0 = Debug|Any CPU
		{62283016-88CC-4C1E-9F9E-296D8A1C4D91}.Release|Any CPU.ActiveCfg = Release|Any CPU
		{62283016-88CC-4C1E-9F9E-296D8A1C4D91}.Release|Any CPU.Build.0 = Release|Any CPU
	EndGlobalSection
	GlobalSection(SolutionProperties) = preSolution
		HideSolutionNode = FALSE
	EndGlobalSection
	GlobalSection(NestedProjects) = preSolution
		{98E49370-6C53-4A4F-9B66-AF3992A64DEE} = {872AD8A1-5DB8-4900-9733-5E0D1AD9C83B}
		{05679983-3FA0-4BBF-9A68-6922DD5C744D} = {98E49370-6C53-4A4F-9B66-AF3992A64DEE}
		{11FC05C9-216F-4E45-9ACC-CAA037533619} = {98E49370-6C53-4A4F-9B66-AF3992A64DEE}
		{1E51B8F3-9A83-4AEB-9E54-C15ABE9F50FE} = {872AD8A1-5DB8-4900-9733-5E0D1AD9C83B}
		{6D52D76C-B380-4323-9A25-797F2F08306A} = {1E51B8F3-9A83-4AEB-9E54-C15ABE9F50FE}
		{1A11B0E3-121E-492F-9C92-9BF338EA9472} = {1E51B8F3-9A83-4AEB-9E54-C15ABE9F50FE}
		{2BF6044B-5112-459F-8814-72D50437AE27} = {2313DFE5-5149-4843-B89F-979B14725E66}
		{79FF10B1-765B-4889-86FF-E3504AB815A2} = {2BF6044B-5112-459F-8814-72D50437AE27}
		{F87B315D-09F6-4E68-94BB-3E62ECB49F0C} = {2BF6044B-5112-459F-8814-72D50437AE27}
		{4A1F428A-8ABC-4DAE-9CC5-686C199B20F7} = {872AD8A1-5DB8-4900-9733-5E0D1AD9C83B}
		{F98B2F32-BFEA-4B37-9ED1-89F81287F554} = {4A1F428A-8ABC-4DAE-9CC5-686C199B20F7}
		{3DA0347D-6BA2-423D-A02A-2E716F8FC781} = {4A1F428A-8ABC-4DAE-9CC5-686C199B20F7}
		{2ECC6715-F1D4-43B4-BCA6-BBB897F65D3F} = {2313DFE5-5149-4843-B89F-979B14725E66}
		{3E697131-4CA2-4039-92A9-80D6782CFA45} = {2ECC6715-F1D4-43B4-BCA6-BBB897F65D3F}
		{62239FF9-1BF1-499A-9E70-239A77F530C3} = {872AD8A1-5DB8-4900-9733-5E0D1AD9C83B}
		{0A30588D-B385-4081-A51D-04E66DFCD4DE} = {62239FF9-1BF1-499A-9E70-239A77F530C3}
		{D417E335-043E-4232-83E1-03C8C3E1253D} = {98E49370-6C53-4A4F-9B66-AF3992A64DEE}
		{9CC7F2F8-677A-4820-A456-F6681043B9B0} = {872AD8A1-5DB8-4900-9733-5E0D1AD9C83B}
		{AF57FE49-5A1B-4B13-A793-95B9C85CE7D2} = {9CC7F2F8-677A-4820-A456-F6681043B9B0}
		{F3581A59-7A76-45B5-BA83-BB749BFA1605} = {452B6465-0AD7-45C5-8144-6643F21B85E6}
		{B6768100-7D66-4060-AF34-2015DAA68203} = {F3581A59-7A76-45B5-BA83-BB749BFA1605}
		{B4C12361-AAFC-4BA5-8AF3-7BDE76B7D39A} = {872AD8A1-5DB8-4900-9733-5E0D1AD9C83B}
		{DD1A9B30-0E55-4E0D-8EC0-5BC9A9A5803C} = {B4C12361-AAFC-4BA5-8AF3-7BDE76B7D39A}
		{62283016-88CC-4C1E-9F9E-296D8A1C4D91} = {B4C12361-AAFC-4BA5-8AF3-7BDE76B7D39A}
	EndGlobalSection
	GlobalSection(ExtensibilityGlobals) = postSolution
		SolutionGuid = {C18592B4-0F80-4C8E-95B6-1BD5601F6442}
		EnterpriseLibraryConfigurationToolBinariesPathV6 = packages\EnterpriseLibrary.Common.6.0.1304.0\lib\NET45;packages\EnterpriseLibrary.TransientFaultHandling.6.0.1304.0\lib\portable-net45+win+wp8;packages\EnterpriseLibrary.TransientFaultHandling.Caching.6.0.1304.0\lib\NET45;packages\EnterpriseLibrary.TransientFaultHandling.Data.6.0.1304.1\lib\NET45;packages\EnterpriseLibrary.TransientFaultHandling.ServiceBus.6.0.1304.0\lib\NET45;packages\EnterpriseLibrary.TransientFaultHandling.WindowsAzure.Storage.6.0.1304.0\lib\NET45;packages\EnterpriseLibrary.TransientFaultHandling.Configuration.6.0.1304.0\lib\NET45
	EndGlobalSection
EndGlobal
